# THIS IS AN AUTOGENERATED FILE. DO NOT EDIT THIS FILE DIRECTLY.
# yarn lockfile v1


"@types/node@^20.8.8":
  version "20.8.8"
  resolved "https://registry.npmjs.org/@types/node/-/node-20.8.8.tgz"
  integrity sha512-YRsdVxq6OaLfmR9Hy816IMp33xOBjfyOgUd77ehqg96CFywxAPbDbXvAsuN2KVg2HOT8Eh6uAfU+l4WffwPVrQ==
  dependencies:
    undici-types "~5.25.1"

graphql@^16.8.1:
  version "16.8.1"
  resolved "https://registry.npmjs.org/graphql/-/graphql-16.8.1.tgz"
  integrity sha512-59LZHPdGZVh695Ud9lRzPBVTtlX9ZCV150Er2W43ro37wVof0ctenSaskPPjN7lVTIN8mSZt8PHUNKZuNQUuxw==

typescript@^5.2.2:
  version "5.2.2"
  resolved "https://registry.npmjs.org/typescript/-/typescript-5.2.2.tgz"
  integrity sha512-mI4WrpHsbCIcwT9cF4FZvr80QUeKvsUsUvKDoR+X/7XHQH98xYD8YHZg7ANtz2GtZt/CBq2QJ0thkGJMHfqc1w==

undici-types@~5.25.1:
  version "5.25.3"
  resolved "https://registry.npmjs.org/undici-types/-/undici-types-5.25.3.tgz"
  integrity sha512-Ga1jfYwRn7+cP9v8auvEXN1rX3sWqlayd4HP7OKk4mZWylEmu3KzXDUGrQUN6Ol7qo1gPvB2e5gX6udnyEPgdA==
